// !$*UTF8*$!
{
	archiveVersion = 1;
	classes = {
	};
	objectVersion = 77;
	objects = {

/* Begin PBXContainerItemProxy section */
		DC9F54352E0B194D008CD19E /* PBXContainerItemProxy */ = {
			isa = PBXContainerItemProxy;
			containerPortal = DC9F541C2E0B194B008CD19E /* Project object */;
			proxyType = 1;
			remoteGlobalIDString = DC9F54232E0B194B008CD19E;
			remoteInfo = CoinRanker;
		};
		DC9F543F2E0B194D008CD19E /* PBXContainerItemProxy */ = {
			isa = PBXContainerItemProxy;
			containerPortal = DC9F541C2E0B194B008CD19E /* Project object */;
			proxyType = 1;
			remoteGlobalIDString = DC9F54232E0B194B008CD19E;
			remoteInfo = CoinRanker;
		};
/* End PBXContainerItemProxy section */

/* Begin PBXFileReference section */
		DC9F54242E0B194B008CD19E /* CoinRanker.app */ = {isa = PBXFileReference; explicitFileType = wrapper.application; includeInIndex = 0; path = CoinRanker.app; sourceTree = BUILT_PRODUCTS_DIR; };
		DC9F54342E0B194D008CD19E /* CoinRankerTests.xctest */ = {isa = PBXFileReference; explicitFileType = wrapper.cfbundle; includeInIndex = 0; path = CoinRankerTests.xctest; sourceTree = BUILT_PRODUCTS_DIR; };
		DC9F543E2E0B194D008CD19E /* CoinRankerUITests.xctest */ = {isa = PBXFileReference; explicitFileType = wrapper.cfbundle; includeInIndex = 0; path = CoinRankerUITests.xctest; sourceTree = BUILT_PRODUCTS_DIR; };
/* End PBXFileReference section */

/* Begin PBXFileSystemSynchronizedRootGroup section */
		DC9F54262E0B194B008CD19E /* CoinRanker */ = {
			isa = PBXFileSystemSynchronizedRootGroup;
			path = CoinRanker;
			sourceTree = "<group>";
		};
		DC9F54372E0B194D008CD19E /* CoinRankerTests */ = {
			isa = PBXFileSystemSynchronizedRootGroup;
			path = CoinRankerTests;
			sourceTree = "<group>";
		};
		DC9F54412E0B194D008CD19E /* CoinRankerUITests */ = {
			isa = PBXFileSystemSynchronizedRootGroup;
			path = CoinRankerUITests;
			sourceTree = "<group>";
		};
/* End PBXFileSystemSynchronizedRootGroup section */

/* Begin PBXFrameworksBuildPhase section */
		DC9F54212E0B194B008CD19E /* Frameworks */ = {
			isa = PBXFrameworksBuildPhase;
			buildActionMask = 2147483647;
			files = (
			);
			runOnlyForDeploymentPostprocessing = 0;
		};
		DC9F54312E0B194D008CD19E /* Frameworks */ = {
			isa = PBXFrameworksBuildPhase;
			buildActionMask = 2147483647;
			files = (
			);
			runOnlyForDeploymentPostprocessing = 0;
		};
		DC9F543B2E0B194D008CD19E /* Frameworks */ = {
			isa = PBXFrameworksBuildPhase;
			buildActionMask = 2147483647;
			files = (
			);
			runOnlyForDeploymentPostprocessing = 0;
		};
/* End PBXFrameworksBuildPhase section */

/* Begin PBXGroup section */
		DC9F541B2E0B194B008CD19E = {
			isa = PBXGroup;
			children = (
				DC9F54262E0B194B008CD19E /* CoinRanker */,
				DC9F54372E0B194D008CD19E /* CoinRankerTests */,
				DC9F54412E0B194D008CD19E /* CoinRankerUITests */,
				DC9F54252E0B194B008CD19E /* Products */,
			);
			sourceTree = "<group>";
		};
		DC9F54252E0B194B008CD19E /* Products */ = {
			isa = PBXGroup;
			children = (
				DC9F54242E0B194B008CD19E /* CoinRanker.app */,
				DC9F54342E0B194D008CD19E /* CoinRankerTests.xctest */,
				DC9F543E2E0B194D008CD19E /* CoinRankerUITests.xctest */,
			);
			name = Products;
			sourceTree = "<group>";
		};
/* End PBXGroup section */

/* Begin PBXNativeTarget section */
		DC9F54232E0B194B008CD19E /* CoinRanker */ = {
			isa = PBXNativeTarget;
			buildConfigurationList = DC9F54482E0B194D008CD19E /* Build configuration list for PBXNativeTarget "CoinRanker" */;
			buildPhases = (
				DC9F54202E0B194B008CD19E /* Sources */,
				DC9F54212E0B194B008CD19E /* Frameworks */,
				DC9F54222E0B194B008CD19E /* Resources */,
			);
			buildRules = (
			);
			dependencies = (
			);
			fileSystemSynchronizedGroups = (
				DC9F54262E0B194B008CD19E /* CoinRanker */,
			);
			name = CoinRanker;
			packageProductDependencies = (
			);
			productName = CoinRanker;
			productReference = DC9F54242E0B194B008CD19E /* CoinRanker.app */;
			productType = "com.apple.product-type.application";
		};
		DC9F54332E0B194D008CD19E /* CoinRankerTests */ = {
			isa = PBXNativeTarget;
			buildConfigurationList = DC9F544B2E0B194D008CD19E /* Build configuration list for PBXNativeTarget "CoinRankerTests" */;
			buildPhases = (
				DC9F54302E0B194D008CD19E /* Sources */,
				DC9F54312E0B194D008CD19E /* Frameworks */,
				DC9F54322E0B194D008CD19E /* Resources */,
			);
			buildRules = (
			);
			dependencies = (
				DC9F54362E0B194D008CD19E /* PBXTargetDependency */,
			);
			fileSystemSynchronizedGroups = (
				DC9F54372E0B194D008CD19E /* CoinRankerTests */,
			);
			name = CoinRankerTests;
			packageProductDependencies = (
			);
			productName = CoinRankerTests;
			productReference = DC9F54342E0B194D008CD19E /* CoinRankerTests.xctest */;
			productType = "com.apple.product-type.bundle.unit-test";
		};
		DC9F543D2E0B194D008CD19E /* CoinRankerUITests */ = {
			isa = PBXNativeTarget;
			buildConfigurationList = DC9F544E2E0B194D008CD19E /* Build configuration list for PBXNativeTarget "CoinRankerUITests" */;
			buildPhases = (
				DC9F543A2E0B194D008CD19E /* Sources */,
				DC9F543B2E0B194D008CD19E /* Frameworks */,
				DC9F543C2E0B194D008CD19E /* Resources */,
			);
			buildRules = (
			);
			dependencies = (
				DC9F54402E0B194D008CD19E /* PBXTargetDependency */,
			);
			fileSystemSynchronizedGroups = (
				DC9F54412E0B194D008CD19E /* CoinRankerUITests */,
			);
			name = CoinRankerUITests;
			packageProductDependencies = (
			);
			productName = CoinRankerUITests;
			productReference = DC9F543E2E0B194D008CD19E /* CoinRankerUITests.xctest */;
			productType = "com.apple.product-type.bundle.ui-testing";
		};
/* End PBXNativeTarget section */

/* Begin PBXProject section */
		DC9F541C2E0B194B008CD19E /* Project object */ = {
			isa = PBXProject;
			attributes = {
				BuildIndependentTargetsInParallel = 1;
				LastSwiftUpdateCheck = 1620;
				LastUpgradeCheck = 1620;
				TargetAttributes = {
					DC9F54232E0B194B008CD19E = {
						CreatedOnToolsVersion = 16.2;
					};
					DC9F54332E0B194D008CD19E = {
						CreatedOnToolsVersion = 16.2;
						TestTargetID = DC9F54232E0B194B008CD19E;
					};
					DC9F543D2E0B194D008CD19E = {
						CreatedOnToolsVersion = 16.2;
						TestTargetID = DC9F54232E0B194B008CD19E;
					};
				};
			};
			buildConfigurationList = DC9F541F2E0B194B008CD19E /* Build configuration list for PBXProject "CoinRanker" */;
			developmentRegion = en;
			hasScannedForEncodings = 0;
			knownRegions = (
				en,
				Base,
			);
			mainGroup = DC9F541B2E0B194B008CD19E;
			minimizedProjectReferenceProxies = 1;
			preferredProjectObjectVersion = 77;
			productRefGroup = DC9F54252E0B194B008CD19E /* Products */;
			projectDirPath = "";
			projectRoot = "";
			targets = (
				DC9F54232E0B194B008CD19E /* CoinRanker */,
				DC9F54332E0B194D008CD19E /* CoinRankerTests */,
				DC9F543D2E0B194D008CD19E /* CoinRankerUITests */,
			);
		};
/* End PBXProject section */

/* Begin PBXResourcesBuildPhase section */
		DC9F54222E0B194B008CD19E /* Resources */ = {
			isa = PBXResourcesBuildPhase;
			buildActionMask = 2147483647;
			files = (
			);
			runOnlyForDeploymentPostprocessing = 0;
		};
		DC9F54322E0B194D008CD19E /* Resources */ = {
			isa = PBXResourcesBuildPhase;
			buildActionMask = 2147483647;
			files = (
			);
			runOnlyForDeploymentPostprocessing = 0;
		};
		DC9F543C2E0B194D008CD19E /* Resources */ = {
			isa = PBXResourcesBuildPhase;
			buildActionMask = 2147483647;
			files = (
			);
			runOnlyForDeploymentPostprocessing = 0;
		};
/* End PBXResourcesBuildPhase section */

/* Begin PBXSourcesBuildPhase section */
		DC9F54202E0B194B008CD19E /* Sources */ = {
			isa = PBXSourcesBuildPhase;
			buildActionMask = 2147483647;
			files = (
			);
			runOnlyForDeploymentPostprocessing = 0;
		};
		DC9F54302E0B194D008CD19E /* Sources */ = {
			isa = PBXSourcesBuildPhase;
			buildActionMask = 2147483647;
			files = (
			);
			runOnlyForDeploymentPostprocessing = 0;
		};
		DC9F543A2E0B194D008CD19E /* Sources */ = {
			isa = PBXSourcesBuildPhase;
			buildActionMask = 2147483647;
			files = (
			);
			runOnlyForDeploymentPostprocessing = 0;
		};
/* End PBXSourcesBuildPhase section */

/* Begin PBXTargetDependency section */
		DC9F54362E0B194D008CD19E /* PBXTargetDependency */ = {
			isa = PBXTargetDependency;
			target = DC9F54232E0B194B008CD19E /* CoinRanker */;
			targetProxy = DC9F54352E0B194D008CD19E /* PBXContainerItemProxy */;
		};
		DC9F54402E0B194D008CD19E /* PBXTargetDependency */ = {
			isa = PBXTargetDependency;
			target = DC9F54232E0B194B008CD19E /* CoinRanker */;
			targetProxy = DC9F543F2E0B194D008CD19E /* PBXContainerItemProxy */;
		};
/* End PBXTargetDependency section */

/* Begin XCBuildConfiguration section */
		DC9F54462E0B194D008CD19E /* Debug */ = {
			isa = XCBuildConfiguration;
			buildSettings = {
				ALWAYS_SEARCH_USER_PATHS = NO;
				ASSETCATALOG_COMPILER_GENERATE_SWIFT_ASSET_SYMBOL_EXTENSIONS = YES;
				CLANG_ANALYZER_NONNULL = YES;
				CLANG_ANALYZER_NUMBER_OBJECT_CONVERSION = YES_AGGRESSIVE;
				CLANG_CXX_LANGUAGE_STANDARD = "gnu++20";
				CLANG_ENABLE_MODULES = YES;
				CLANG_ENABLE_OBJC_ARC = YES;
				CLANG_ENABLE_OBJC_WEAK = YES;
				CLANG_WARN_BLOCK_CAPTURE_AUTORELEASING = YES;
				CLANG_WARN_BOOL_CONVERSION = YES;
				CLANG_WARN_COMMA = YES;
				CLANG_WARN_CONSTANT_CONVERSION = YES;
				CLANG_WARN_DEPRECATED_OBJC_IMPLEMENTATIONS = YES;
				CLANG_WARN_DIRECT_OBJC_ISA_USAGE = YES_ERROR;
				CLANG_WARN_DOCUMENTATION_COMMENTS = YES;
				CLANG_WARN_EMPTY_BODY = YES;
				CLANG_WARN_ENUM_CONVERSION = YES;
				CLANG_WARN_INFINITE_RECURSION = YES;
				CLANG_WARN_INT_CONVERSION = YES;
				CLANG_WARN_NON_LITERAL_NULL_CONVERSION = YES;
				CLANG_WARN_OBJC_IMPLICIT_RETAIN_SELF = YES;
				CLANG_WARN_OBJC_LITERAL_CONVERSION = YES;
				CLANG_WARN_OBJC_ROOT_CLASS = YES_ERROR;
				CLANG_WARN_QUOTED_INCLUDE_IN_FRAMEWORK_HEADER = YES;
				CLANG_WARN_RANGE_LOOP_ANALYSIS = YES;
				CLANG_WARN_STRICT_PROTOTYPES = YES;
				CLANG_WARN_SUSPICIOUS_MOVE = YES;
				CLANG_WARN_UNGUARDED_AVAILABILITY = YES_AGGRESSIVE;
				CLANG_WARN_UNREACHABLE_CODE = YES;
				CLANG_WARN__DUPLICATE_METHOD_MATCH = YES;
				COPY_PHASE_STRIP = NO;
				DEBUG_INFORMATION_FORMAT = dwarf;
				ENABLE_STRICT_OBJC_MSGSEND = YES;
				ENABLE_TESTABILITY = YES;
				ENABLE_USER_SCRIPT_SANDBOXING = YES;
				GCC_C_LANGUAGE_STANDARD = gnu17;
				GCC_DYNAMIC_NO_PIC = NO;
				GCC_NO_COMMON_BLOCKS = YES;
				GCC_OPTIMIZATION_LEVEL = 0;
				GCC_PREPROCESSOR_DEFINITIONS = (
					"DEBUG=1",
					"$(inherited)",
				);
				GCC_WARN_64_TO_32_BIT_CONVERSION = YES;
				GCC_WARN_ABOUT_RETURN_TYPE = YES_ERROR;
				GCC_WARN_UNDECLARED_SELECTOR = YES;
				GCC_WARN_UNINITIALIZED_AUTOS = YES_AGGRESSIVE;
				GCC_WARN_UNUSED_FUNCTION = YES;
				GCC_WARN_UNUSED_VARIABLE = YES;
				IPHONEOS_DEPLOYMENT_TARGET = 18.2;
				LOCALIZATION_PREFERS_STRING_CATALOGS = YES;
				MTL_ENABLE_DEBUG_INFO = INCLUDE_SOURCE;
				MTL_FAST_MATH = YES;
				ONLY_ACTIVE_ARCH = YES;
				SDKROOT = iphoneos;
				SWIFT_ACTIVE_COMPILATION_CONDITIONS = "DEBUG $(inherited)";
				SWIFT_OPTIMIZATION_LEVEL = "-Onone";
			};
			name = Debug;
		};
		DC9F54472E0B194D008CD19E /* Release */ = {
			isa = XCBuildConfiguration;
			buildSettings = {
				ALWAYS_SEARCH_USER_PATHS = NO;
				ASSETCATALOG_COMPILER_GENERATE_SWIFT_ASSET_SYMBOL_EXTENSIONS = YES;
				CLANG_ANALYZER_NONNULL = YES;
				CLANG_ANALYZER_NUMBER_OBJECT_CONVERSION = YES_AGGRESSIVE;
				CLANG_CXX_LANGUAGE_STANDARD = "gnu++20";
				CLANG_ENABLE_MODULES = YES;
				CLANG_ENABLE_OBJC_ARC = YES;
				CLANG_ENABLE_OBJC_WEAK = YES;
				CLANG_WARN_BLOCK_CAPTURE_AUTORELEASING = YES;
				CLANG_WARN_BOOL_CONVERSION = YES;
				CLANG_WARN_COMMA = YES;
				CLANG_WARN_CONSTANT_CONVERSION = YES;
				CLANG_WARN_DEPRECATED_OBJC_IMPLEMENTATIONS = YES;
				CLANG_WARN_DIRECT_OBJC_ISA_USAGE = YES_ERROR;
				CLANG_WARN_DOCUMENTATION_COMMENTS = YES;
				CLANG_WARN_EMPTY_BODY = YES;
				CLANG_WARN_ENUM_CONVERSION = YES;
				CLANG_WARN_INFINITE_RECURSION = YES;
				CLANG_WARN_INT_CONVERSION = YES;
				CLANG_WARN_NON_LITERAL_NULL_CONVERSION = YES;
				CLANG_WARN_OBJC_IMPLICIT_RETAIN_SELF = YES;
				CLANG_WARN_OBJC_LITERAL_CONVERSION = YES;
				CLANG_WARN_OBJC_ROOT_CLASS = YES_ERROR;
				CLANG_WARN_QUOTED_INCLUDE_IN_FRAMEWORK_HEADER = YES;
				CLANG_WARN_RANGE_LOOP_ANALYSIS = YES;
				CLANG_WARN_STRICT_PROTOTYPES = YES;
				CLANG_WARN_SUSPICIOUS_MOVE = YES;
				CLANG_WARN_UNGUARDED_AVAILABILITY = YES_AGGRESSIVE;
				CLANG_WARN_UNREACHABLE_CODE = YES;
				CLANG_WARN__DUPLICATE_METHOD_MATCH = YES;
				COPY_PHASE_STRIP = NO;
				DEBUG_INFORMATION_FORMAT = "dwarf-with-dsym";
				ENABLE_NS_ASSERTIONS = NO;
				ENABLE_STRICT_OBJC_MSGSEND = YES;
				ENABLE_USER_SCRIPT_SANDBOXING = YES;
				GCC_C_LANGUAGE_STANDARD = gnu17;
				GCC_NO_COMMON_BLOCKS = YES;
				GCC_WARN_64_TO_32_BIT_CONVERSION = YES;
				GCC_WARN_ABOUT_RETURN_TYPE = YES_ERROR;
				GCC_WARN_UNDECLARED_SELECTOR = YES;
				GCC_WARN_UNINITIALIZED_AUTOS = YES_AGGRESSIVE;
				GCC_WARN_UNUSED_FUNCTION = YES;
				GCC_WARN_UNUSED_VARIABLE = YES;
				IPHONEOS_DEPLOYMENT_TARGET = 18.2;
				LOCALIZATION_PREFERS_STRING_CATALOGS = YES;
				MTL_ENABLE_DEBUG_INFO = NO;
				MTL_FAST_MATH = YES;
				SDKROOT = iphoneos;
				SWIFT_COMPILATION_MODE = wholemodule;
				VALIDATE_PRODUCT = YES;
			};
			name = Release;
		};
		DC9F54492E0B194D008CD19E /* Debug */ = {
			isa = XCBuildConfiguration;
			buildSettings = {
				ASSETCATALOG_COMPILER_APPICON_NAME = AppIcon;
				ASSETCATALOG_COMPILER_GLOBAL_ACCENT_COLOR_NAME = AccentColor;
				CODE_SIGN_STYLE = Automatic;
				CURRENT_PROJECT_VERSION = 1;
				DEVELOPMENT_ASSET_PATHS = "\"CoinRanker/Preview Content\"";
				DEVELOPMENT_TEAM = 58TK88D4SZ;
				ENABLE_PREVIEWS = YES;
				GENERATE_INFOPLIST_FILE = YES;
				INFOPLIST_KEY_UIApplicationSceneManifest_Generation = YES;
				INFOPLIST_KEY_UIApplicationSupportsIndirectInputEvents = YES;
				INFOPLIST_KEY_UILaunchScreen_Generation = YES;
				INFOPLIST_KEY_UISupportedInterfaceOrientations_iPad = "UIInterfaceOrientationPortrait UIInterfaceOrientationPortraitUpsideDown UIInterfaceOrientationLandscapeLeft UIInterfaceOrientationLandscapeRight";
				INFOPLIST_KEY_UISupportedInterfaceOrientations_iPhone = "UIInterfaceOrientationPortrait UIInterfaceOrientationLandscapeLeft UIInterfaceOrientationLandscapeRight";
				LD_RUNPATH_SEARCH_PATHS = (
					"$(inherited)",
					"@executable_path/Frameworks",
				);
				MARKETING_VERSION = 1.0;
				PRODUCT_BUNDLE_IDENTIFIER = com.flexcoded.coinranker.CoinRanker;
				PRODUCT_NAME = "$(TARGET_NAME)";
				SWIFT_EMIT_LOC_STRINGS = YES;
				SWIFT_VERSION = 5.0;
				TARGETED_DEVICE_FAMILY = "1,2";
			};
			name = Debug;
		};
		DC9F544A2E0B194D008CD19E /* Release */ = {
			isa = XCBuildConfiguration;
			buildSettings = {
				ASSETCATALOG_COMPILER_APPICON_NAME = AppIcon;
				ASSETCATALOG_COMPILER_GLOBAL_ACCENT_COLOR_NAME = AccentColor;
				CODE_SIGN_STYLE = Automatic;
				CURRENT_PROJECT_VERSION = 1;
				DEVELOPMENT_ASSET_PATHS = "\"CoinRanker/Preview Content\"";
				DEVELOPMENT_TEAM = 58TK88D4SZ;
				ENABLE_PREVIEWS = YES;
				GENERATE_INFOPLIST_FILE = YES;
				INFOPLIST_KEY_UIApplicationSceneManifest_Generation = YES;
				INFOPLIST_KEY_UIApplicationSupportsIndirectInputEvents = YES;
				INFOPLIST_KEY_UILaunchScreen_Generation = YES;
				INFOPLIST_KEY_UISupportedInterfaceOrientations_iPad = "UIInterfaceOrientationPortrait UIInterfaceOrientationPortraitUpsideDown UIInterfaceOrientationLandscapeLeft UIInterfaceOrientationLandscapeRight";
				INFOPLIST_KEY_UISupportedInterfaceOrientations_iPhone = "UIInterfaceOrientationPortrait UIInterfaceOrientationLandscapeLeft UIInterfaceOrientationLandscapeRight";
				LD_RUNPATH_SEARCH_PATHS = (
					"$(inherited)",
					"@executable_path/Frameworks",
				);
				MARKETING_VERSION = 1.0;
				PRODUCT_BUNDLE_IDENTIFIER = com.flexcoded.coinranker.CoinRanker;
				PRODUCT_NAME = "$(TARGET_NAME)";
				SWIFT_EMIT_LOC_STRINGS = YES;
				SWIFT_VERSION = 5.0;
				TARGETED_DEVICE_FAMILY = "1,2";
			};
			name = Release;
		};
		DC9F544C2E0B194D008CD19E /* Debug */ = {
			isa = XCBuildConfiguration;
			buildSettings = {
				BUNDLE_LOADER = "$(TEST_HOST)";
				CODE_SIGN_STYLE = Automatic;
				CURRENT_PROJECT_VERSION = 1;
				DEVELOPMENT_TEAM = 58TK88D4SZ;
				GENERATE_INFOPLIST_FILE = YES;
				IPHONEOS_DEPLOYMENT_TARGET = 18.2;
				MARKETING_VERSION = 1.0;
				PRODUCT_BUNDLE_IDENTIFIER = com.flexcoded.coinranker.CoinRankerTests;
				PRODUCT_NAME = "$(TARGET_NAME)";
				SWIFT_EMIT_LOC_STRINGS = NO;
				SWIFT_VERSION = 5.0;
				TARGETED_DEVICE_FAMILY = "1,2";
				TEST_HOST = "$(BUILT_PRODUCTS_DIR)/CoinRanker.app/$(BUNDLE_EXECUTABLE_FOLDER_PATH)/CoinRanker";
			};
			name = Debug;
		};
		DC9F544D2E0B194D008CD19E /* Release */ = {
			isa = XCBuildConfiguration;
			buildSettings = {
				BUNDLE_LOADER = "$(TEST_HOST)";
				CODE_SIGN_STYLE = Automatic;
				CURRENT_PROJECT_VERSION = 1;
				DEVELOPMENT_TEAM = 58TK88D4SZ;
				GENERATE_INFOPLIST_FILE = YES;
				IPHONEOS_DEPLOYMENT_TARGET = 18.2;
				MARKETING_VERSION = 1.0;
				PRODUCT_BUNDLE_IDENTIFIER = com.flexcoded.coinranker.CoinRankerTests;
				PRODUCT_NAME = "$(TARGET_NAME)";
				SWIFT_EMIT_LOC_STRINGS = NO;
				SWIFT_VERSION = 5.0;
				TARGETED_DEVICE_FAMILY = "1,2";
				TEST_HOST = "$(BUILT_PRODUCTS_DIR)/CoinRanker.app/$(BUNDLE_EXECUTABLE_FOLDER_PATH)/CoinRanker";
			};
			name = Release;
		};
		DC9F544F2E0B194D008CD19E /* Debug */ = {
			isa = XCBuildConfiguration;
			buildSettings = {
				CODE_SIGN_STYLE = Automatic;
				CURRENT_PROJECT_VERSION = 1;
				DEVELOPMENT_TEAM = 58TK88D4SZ;
				GENERATE_INFOPLIST_FILE = YES;
				MARKETING_VERSION = 1.0;
				PRODUCT_BUNDLE_IDENTIFIER = com.flexcoded.coinranker.CoinRankerUITests;
				PRODUCT_NAME = "$(TARGET_NAME)";
				SWIFT_EMIT_LOC_STRINGS = NO;
				SWIFT_VERSION = 5.0;
				TARGETED_DEVICE_FAMILY = "1,2";
				TEST_TARGET_NAME = CoinRanker;
			};
			name = Debug;
		};
		DC9F54502E0B194D008CD19E /* Release */ = {
			isa = XCBuildConfiguration;
			buildSettings = {
				CODE_SIGN_STYLE = Automatic;
				CURRENT_PROJECT_VERSION = 1;
				DEVELOPMENT_TEAM = 58TK88D4SZ;
				GENERATE_INFOPLIST_FILE = YES;
				MARKETING_VERSION = 1.0;
				PRODUCT_BUNDLE_IDENTIFIER = com.flexcoded.coinranker.CoinRankerUITests;
				PRODUCT_NAME = "$(TARGET_NAME)";
				SWIFT_EMIT_LOC_STRINGS = NO;
				SWIFT_VERSION = 5.0;
				TARGETED_DEVICE_FAMILY = "1,2";
				TEST_TARGET_NAME = CoinRanker;
			};
			name = Release;
		};
/* End XCBuildConfiguration section */

/* Begin XCConfigurationList section */
		DC9F541F2E0B194B008CD19E /* Build configuration list for PBXProject "CoinRanker" */ = {
			isa = XCConfigurationList;
			buildConfigurations = (
				DC9F54462E0B194D008CD19E /* Debug */,
				DC9F54472E0B194D008CD19E /* Release */,
			);
			defaultConfigurationIsVisible = 0;
			defaultConfigurationName = Release;
		};
		DC9F54482E0B194D008CD19E /* Build configuration list for PBXNativeTarget "CoinRanker" */ = {
			isa = XCConfigurationList;
			buildConfigurations = (
				DC9F54492E0B194D008CD19E /* Debug */,
				DC9F544A2E0B194D008CD19E /* Release */,
			);
			defaultConfigurationIsVisible = 0;
			defaultConfigurationName = Release;
		};
		DC9F544B2E0B194D008CD19E /* Build configuration list for PBXNativeTarget "CoinRankerTests" */ = {
			isa = XCConfigurationList;
			buildConfigurations = (
				DC9F544C2E0B194D008CD19E /* Debug */,
				DC9F544D2E0B194D008CD19E /* Release */,
			);
			defaultConfigurationIsVisible = 0;
			defaultConfigurationName = Release;
		};
		DC9F544E2E0B194D008CD19E /* Build configuration list for PBXNativeTarget "CoinRankerUITests" */ = {
			isa = XCConfigurationList;
			buildConfigurations = (
				DC9F544F2E0B194D008CD19E /* Debug */,
				DC9F54502E0B194D008CD19E /* Release */,
			);
			defaultConfigurationIsVisible = 0;
			defaultConfigurationName = Release;
		};
/* End XCConfigurationList section */
	};
	rootObject = DC9F541C2E0B194B008CD19E /* Project object */;
}
